// !$*UTF8*$!
{
	archiveVersion = 1;
	classes = {
	};
	objectVersion = 55;
	objects = {

/* Begin PBXBuildFile section */
		A9481383280288FC00E2CB00 /* LandmarksApp.swift in Sources */ = {isa = PBXBuildFile; fileRef = A9481382280288FC00E2CB00 /* LandmarksApp.swift */; };
		A9481385280288FC00E2CB00 /* ContentView.swift in Sources */ = {isa = PBXBuildFile; fileRef = A9481384280288FC00E2CB00 /* ContentView.swift */; };
		A9481387280288FD00E2CB00 /* Assets.xcassets in Resources */ = {isa = PBXBuildFile; fileRef = A9481386280288FD00E2CB00 /* Assets.xcassets */; };
		A948138A280288FD00E2CB00 /* Preview Assets.xcassets in Resources */ = {isa = PBXBuildFile; fileRef = A9481389280288FD00E2CB00 /* Preview Assets.xcassets */; };
		A948139128028CDE00E2CB00 /* CircleImage.swift in Sources */ = {isa = PBXBuildFile; fileRef = A948139028028CDE00E2CB00 /* CircleImage.swift */; };
		A948139328028E2C00E2CB00 /* MapView.swift in Sources */ = {isa = PBXBuildFile; fileRef = A948139228028E2C00E2CB00 /* MapView.swift */; };
		A94813952802ECF600E2CB00 /* landmarkData.json in Resources */ = {isa = PBXBuildFile; fileRef = A94813942802ECF600E2CB00 /* landmarkData.json */; };
		A94813972802ED2200E2CB00 /* Landmark.swift in Sources */ = {isa = PBXBuildFile; fileRef = A94813962802ED2200E2CB00 /* Landmark.swift */; };
		A948139C2803474500E2CB00 /* ModelData.swift in Sources */ = {isa = PBXBuildFile; fileRef = A948139B2803474500E2CB00 /* ModelData.swift */; };
		A94813A128034A4F00E2CB00 /* LandmarkRow.swift in Sources */ = {isa = PBXBuildFile; fileRef = A94813A028034A4F00E2CB00 /* LandmarkRow.swift */; };
		A94813A328034BA500E2CB00 /* LandmarkList.swift in Sources */ = {isa = PBXBuildFile; fileRef = A94813A228034BA500E2CB00 /* LandmarkList.swift */; };
		A94813A528034C9900E2CB00 /* LandmarkDetail.swift in Sources */ = {isa = PBXBuildFile; fileRef = A94813A428034C9900E2CB00 /* LandmarkDetail.swift */; };
		A94813A7280C6D3B00E2CB00 /* FavoriteButton.swift in Sources */ = {isa = PBXBuildFile; fileRef = A94813A6280C6D3B00E2CB00 /* FavoriteButton.swift */; };
		A94813AB280D019D00E2CB00 /* HexagonParameters.swift in Sources */ = {isa = PBXBuildFile; fileRef = A94813AA280D019D00E2CB00 /* HexagonParameters.swift */; };
		A94813AF280D040800E2CB00 /* BadgeBackground.swift in Sources */ = {isa = PBXBuildFile; fileRef = A94813AE280D040800E2CB00 /* BadgeBackground.swift */; };
		A94813B1280D0D0D00E2CB00 /* BadgeSymbol.swift in Sources */ = {isa = PBXBuildFile; fileRef = A94813B0280D0D0D00E2CB00 /* BadgeSymbol.swift */; };
		A94813B3280D0E6E00E2CB00 /* RotatedBadgeSymbol.swift in Sources */ = {isa = PBXBuildFile; fileRef = A94813B2280D0E6E00E2CB00 /* RotatedBadgeSymbol.swift */; };
		A94813B5280D0F5600E2CB00 /* Badge.swift in Sources */ = {isa = PBXBuildFile; fileRef = A94813B4280D0F5600E2CB00 /* Badge.swift */; };
		A94813B8280D12E200E2CB00 /* hikeData.json in Resources */ = {isa = PBXBuildFile; fileRef = A94813B7280D12E200E2CB00 /* hikeData.json */; };
		A94813BA280D147E00E2CB00 /* Hike.swift in Sources */ = {isa = PBXBuildFile; fileRef = A94813B9280D147E00E2CB00 /* Hike.swift */; };
		A94813C0280DB0C100E2CB00 /* GraphCapsule.swift in Sources */ = {isa = PBXBuildFile; fileRef = A94813BC280DB0C100E2CB00 /* GraphCapsule.swift */; };
		A94813C1280DB0C100E2CB00 /* HikeGraph.swift in Sources */ = {isa = PBXBuildFile; fileRef = A94813BD280DB0C100E2CB00 /* HikeGraph.swift */; };
		A94813C2280DB0C100E2CB00 /* HikeDetail.swift in Sources */ = {isa = PBXBuildFile; fileRef = A94813BE280DB0C100E2CB00 /* HikeDetail.swift */; };
		A94813C3280DB0C100E2CB00 /* HikeView.swift in Sources */ = {isa = PBXBuildFile; fileRef = A94813BF280DB0C100E2CB00 /* HikeView.swift */; };
		A94813C5280DC5CC00E2CB00 /* CategoryHome.swift in Sources */ = {isa = PBXBuildFile; fileRef = A94813C4280DC5CC00E2CB00 /* CategoryHome.swift */; };
		A94813C8280E94A000E2CB00 /* CategoryRow.swift in Sources */ = {isa = PBXBuildFile; fileRef = A94813C7280E94A000E2CB00 /* CategoryRow.swift */; };
		A94813CA280E992D00E2CB00 /* CategoryItem.swift in Sources */ = {isa = PBXBuildFile; fileRef = A94813C9280E992D00E2CB00 /* CategoryItem.swift */; };
		A94813CC280EAF8A00E2CB00 /* Profile.swift in Sources */ = {isa = PBXBuildFile; fileRef = A94813CB280EAF8A00E2CB00 /* Profile.swift */; };
		A984E79C2811AFAE00FA24C0 /* ProfileEditor.swift in Sources */ = {isa = PBXBuildFile; fileRef = A984E79B2811AFAE00FA24C0 /* ProfileEditor.swift */; };
		A984E79F2811B93800FA24C0 /* PageViewController.swift in Sources */ = {isa = PBXBuildFile; fileRef = A984E79E2811B93800FA24C0 /* PageViewController.swift */; };
		A984E7A12811BD0B00FA24C0 /* FeatureCard.swift in Sources */ = {isa = PBXBuildFile; fileRef = A984E7A02811BD0B00FA24C0 /* FeatureCard.swift */; };
		A984E7A32811C1BA00FA24C0 /* PageView.swift in Sources */ = {isa = PBXBuildFile; fileRef = A984E7A22811C1BA00FA24C0 /* PageView.swift */; };
		A9997F21280EBDA8005A0ABE /* ProfileHost.swift in Sources */ = {isa = PBXBuildFile; fileRef = A9997F20280EBDA8005A0ABE /* ProfileHost.swift */; };
		A9997F23280EBF5B005A0ABE /* ProfileSummary.swift in Sources */ = {isa = PBXBuildFile; fileRef = A9997F22280EBF5B005A0ABE /* ProfileSummary.swift */; };
		A9997F2528100235005A0ABE /* HikeBadge.swift in Sources */ = {isa = PBXBuildFile; fileRef = A9997F2428100235005A0ABE /* HikeBadge.swift */; };
/* End PBXBuildFile section */

/* Begin PBXFileReference section */
		A948137F280288FC00E2CB00 /* Landmarks.app */ = {isa = PBXFileReference; explicitFileType = wrapper.application; includeInIndex = 0; path = Landmarks.app; sourceTree = BUILT_PRODUCTS_DIR; };
		A9481382280288FC00E2CB00 /* LandmarksApp.swift */ = {isa = PBXFileReference; lastKnownFileType = sourcecode.swift; path = LandmarksApp.swift; sourceTree = "<group>"; };
		A9481384280288FC00E2CB00 /* ContentView.swift */ = {isa = PBXFileReference; lastKnownFileType = sourcecode.swift; path = ContentView.swift; sourceTree = "<group>"; };
		A9481386280288FD00E2CB00 /* Assets.xcassets */ = {isa = PBXFileReference; lastKnownFileType = folder.assetcatalog; path = Assets.xcassets; sourceTree = "<group>"; };
		A9481389280288FD00E2CB00 /* Preview Assets.xcassets */ = {isa = PBXFileReference; lastKnownFileType = folder.assetcatalog; path = "Preview Assets.xcassets"; sourceTree = "<group>"; };
		A948139028028CDE00E2CB00 /* CircleImage.swift */ = {isa = PBXFileReference; lastKnownFileType = sourcecode.swift; path = CircleImage.swift; sourceTree = "<group>"; };
		A948139228028E2C00E2CB00 /* MapView.swift */ = {isa = PBXFileReference; lastKnownFileType = sourcecode.swift; path = MapView.swift; sourceTree = "<group>"; };
		A94813942802ECF600E2CB00 /* landmarkData.json */ = {isa = PBXFileReference; fileEncoding = 4; lastKnownFileType = text.json; path = landmarkData.json; sourceTree = "<group>"; };
		A94813962802ED2200E2CB00 /* Landmark.swift */ = {isa = PBXFileReference; lastKnownFileType = sourcecode.swift; path = Landmark.swift; sourceTree = "<group>"; };
		A948139B2803474500E2CB00 /* ModelData.swift */ = {isa = PBXFileReference; lastKnownFileType = sourcecode.swift; path = ModelData.swift; sourceTree = "<group>"; };
		A94813A028034A4F00E2CB00 /* LandmarkRow.swift */ = {isa = PBXFileReference; lastKnownFileType = sourcecode.swift; path = LandmarkRow.swift; sourceTree = "<group>"; };
		A94813A228034BA500E2CB00 /* LandmarkList.swift */ = {isa = PBXFileReference; lastKnownFileType = sourcecode.swift; path = LandmarkList.swift; sourceTree = "<group>"; };
		A94813A428034C9900E2CB00 /* LandmarkDetail.swift */ = {isa = PBXFileReference; lastKnownFileType = sourcecode.swift; path = LandmarkDetail.swift; sourceTree = "<group>"; };
		A94813A6280C6D3B00E2CB00 /* FavoriteButton.swift */ = {isa = PBXFileReference; lastKnownFileType = sourcecode.swift; path = FavoriteButton.swift; sourceTree = "<group>"; };
		A94813AA280D019D00E2CB00 /* HexagonParameters.swift */ = {isa = PBXFileReference; lastKnownFileType = sourcecode.swift; path = HexagonParameters.swift; sourceTree = "<group>"; };
		A94813AE280D040800E2CB00 /* BadgeBackground.swift */ = {isa = PBXFileReference; lastKnownFileType = sourcecode.swift; path = BadgeBackground.swift; sourceTree = "<group>"; };
		A94813B0280D0D0D00E2CB00 /* BadgeSymbol.swift */ = {isa = PBXFileReference; lastKnownFileType = sourcecode.swift; path = BadgeSymbol.swift; sourceTree = "<group>"; };
		A94813B2280D0E6E00E2CB00 /* RotatedBadgeSymbol.swift */ = {isa = PBXFileReference; lastKnownFileType = sourcecode.swift; path = RotatedBadgeSymbol.swift; sourceTree = "<group>"; };
		A94813B4280D0F5600E2CB00 /* Badge.swift */ = {isa = PBXFileReference; lastKnownFileType = sourcecode.swift; path = Badge.swift; sourceTree = "<group>"; };
		A94813B7280D12E200E2CB00 /* hikeData.json */ = {isa = PBXFileReference; fileEncoding = 4; lastKnownFileType = text.json; path = hikeData.json; sourceTree = "<group>"; };
		A94813B9280D147E00E2CB00 /* Hike.swift */ = {isa = PBXFileReference; lastKnownFileType = sourcecode.swift; path = Hike.swift; sourceTree = "<group>"; };
		A94813BC280DB0C100E2CB00 /* GraphCapsule.swift */ = {isa = PBXFileReference; fileEncoding = 4; lastKnownFileType = sourcecode.swift; path = GraphCapsule.swift; sourceTree = "<group>"; };
		A94813BD280DB0C100E2CB00 /* HikeGraph.swift */ = {isa = PBXFileReference; fileEncoding = 4; lastKnownFileType = sourcecode.swift; path = HikeGraph.swift; sourceTree = "<group>"; };
		A94813BE280DB0C100E2CB00 /* HikeDetail.swift */ = {isa = PBXFileReference; fileEncoding = 4; lastKnownFileType = sourcecode.swift; path = HikeDetail.swift; sourceTree = "<group>"; };
		A94813BF280DB0C100E2CB00 /* HikeView.swift */ = {isa = PBXFileReference; fileEncoding = 4; lastKnownFileType = sourcecode.swift; path = HikeView.swift; sourceTree = "<group>"; };
		A94813C4280DC5CC00E2CB00 /* CategoryHome.swift */ = {isa = PBXFileReference; lastKnownFileType = sourcecode.swift; path = CategoryHome.swift; sourceTree = "<group>"; };
		A94813C7280E94A000E2CB00 /* CategoryRow.swift */ = {isa = PBXFileReference; lastKnownFileType = sourcecode.swift; path = CategoryRow.swift; sourceTree = "<group>"; };
		A94813C9280E992D00E2CB00 /* CategoryItem.swift */ = {isa = PBXFileReference; lastKnownFileType = sourcecode.swift; path = CategoryItem.swift; sourceTree = "<group>"; };
		A94813CB280EAF8A00E2CB00 /* Profile.swift */ = {isa = PBXFileReference; lastKnownFileType = sourcecode.swift; path = Profile.swift; sourceTree = "<group>"; };
		A984E79B2811AFAE00FA24C0 /* ProfileEditor.swift */ = {isa = PBXFileReference; lastKnownFileType = sourcecode.swift; path = ProfileEditor.swift; sourceTree = "<group>"; };
		A984E79E2811B93800FA24C0 /* PageViewController.swift */ = {isa = PBXFileReference; lastKnownFileType = sourcecode.swift; path = PageViewController.swift; sourceTree = "<group>"; };
		A984E7A02811BD0B00FA24C0 /* FeatureCard.swift */ = {isa = PBXFileReference; lastKnownFileType = sourcecode.swift; path = FeatureCard.swift; sourceTree = "<group>"; };
		A984E7A22811C1BA00FA24C0 /* PageView.swift */ = {isa = PBXFileReference; lastKnownFileType = sourcecode.swift; path = PageView.swift; sourceTree = "<group>"; };
		A9997F20280EBDA8005A0ABE /* ProfileHost.swift */ = {isa = PBXFileReference; lastKnownFileType = sourcecode.swift; path = ProfileHost.swift; sourceTree = "<group>"; };
		A9997F22280EBF5B005A0ABE /* ProfileSummary.swift */ = {isa = PBXFileReference; lastKnownFileType = sourcecode.swift; path = ProfileSummary.swift; sourceTree = "<group>"; };
		A9997F2428100235005A0ABE /* HikeBadge.swift */ = {isa = PBXFileReference; lastKnownFileType = sourcecode.swift; path = HikeBadge.swift; sourceTree = "<group>"; };
/* End PBXFileReference section */

/* Begin PBXFrameworksBuildPhase section */
		A948137C280288FC00E2CB00 /* Frameworks */ = {
			isa = PBXFrameworksBuildPhase;
			buildActionMask = 2147483647;
			files = (
			);
			runOnlyForDeploymentPostprocessing = 0;
		};
/* End PBXFrameworksBuildPhase section */

/* Begin PBXGroup section */
		A9481376280288FC00E2CB00 = {
			isa = PBXGroup;
			children = (
				A9481381280288FC00E2CB00 /* Landmarks */,
				A9481380280288FC00E2CB00 /* Products */,
			);
			sourceTree = "<group>";
		};
		A9481380280288FC00E2CB00 /* Products */ = {
			isa = PBXGroup;
			children = (
				A948137F280288FC00E2CB00 /* Landmarks.app */,
			);
			name = Products;
			sourceTree = "<group>";
		};
		A9481381280288FC00E2CB00 /* Landmarks */ = {
			isa = PBXGroup;
			children = (
				A9481382280288FC00E2CB00 /* LandmarksApp.swift */,
				A948139E2803482D00E2CB00 /* Model */,
				A948139D2803480500E2CB00 /* Views */,
				A948139F2803484800E2CB00 /* Resources */,
				A9481386280288FD00E2CB00 /* Assets.xcassets */,
				A9481388280288FD00E2CB00 /* Preview Content */,
			);
			path = Landmarks;
			sourceTree = "<group>";
		};
		A9481388280288FD00E2CB00 /* Preview Content */ = {
			isa = PBXGroup;
			children = (
				A9481389280288FD00E2CB00 /* Preview Assets.xcassets */,
			);
			path = "Preview Content";
			sourceTree = "<group>";
		};
		A948139D2803480500E2CB00 /* Views */ = {
			isa = PBXGroup;
			children = (
				A984E79D2811B91500FA24C0 /* PageView */,
				A9997F1F280EBD8A005A0ABE /* Profiles */,
				A9481384280288FC00E2CB00 /* ContentView.swift */,
				A94813C6280DC84800E2CB00 /* Categories */,
				A94813BB280DB0C100E2CB00 /* Hikes */,
				A94813B6280D10D600E2CB00 /* Badges */,
				A94813A8280C729D00E2CB00 /* Helpers */,
				A94813A9280C72D900E2CB00 /* Landmarks */,
			);
			path = Views;
			sourceTree = "<group>";
		};
		A948139E2803482D00E2CB00 /* Model */ = {
			isa = PBXGroup;
			children = (
				A94813B9280D147E00E2CB00 /* Hike.swift */,
				A94813962802ED2200E2CB00 /* Landmark.swift */,
				A948139B2803474500E2CB00 /* ModelData.swift */,
				A94813CB280EAF8A00E2CB00 /* Profile.swift */,
			);
			path = Model;
			sourceTree = "<group>";
		};
		A948139F2803484800E2CB00 /* Resources */ = {
			isa = PBXGroup;
			children = (
				A94813B7280D12E200E2CB00 /* hikeData.json */,
				A94813942802ECF600E2CB00 /* landmarkData.json */,
			);
			path = Resources;
			sourceTree = "<group>";
		};
		A94813A8280C729D00E2CB00 /* Helpers */ = {
			isa = PBXGroup;
			children = (
				A948139228028E2C00E2CB00 /* MapView.swift */,
				A948139028028CDE00E2CB00 /* CircleImage.swift */,
				A94813A6280C6D3B00E2CB00 /* FavoriteButton.swift */,
			);
			path = Helpers;
			sourceTree = "<group>";
		};
		A94813A9280C72D900E2CB00 /* Landmarks */ = {
			isa = PBXGroup;
			children = (
				A94813A028034A4F00E2CB00 /* LandmarkRow.swift */,
				A94813A228034BA500E2CB00 /* LandmarkList.swift */,
				A94813A428034C9900E2CB00 /* LandmarkDetail.swift */,
			);
			path = Landmarks;
			sourceTree = "<group>";
		};
		A94813B6280D10D600E2CB00 /* Badges */ = {
			isa = PBXGroup;
			children = (
				A94813B0280D0D0D00E2CB00 /* BadgeSymbol.swift */,
				A94813AA280D019D00E2CB00 /* HexagonParameters.swift */,
				A94813B2280D0E6E00E2CB00 /* RotatedBadgeSymbol.swift */,
				A94813AE280D040800E2CB00 /* BadgeBackground.swift */,
				A94813B4280D0F5600E2CB00 /* Badge.swift */,
			);
			path = Badges;
			sourceTree = "<group>";
		};
		A94813BB280DB0C100E2CB00 /* Hikes */ = {
			isa = PBXGroup;
			children = (
				A94813BC280DB0C100E2CB00 /* GraphCapsule.swift */,
				A94813BD280DB0C100E2CB00 /* HikeGraph.swift */,
				A94813BE280DB0C100E2CB00 /* HikeDetail.swift */,
				A94813BF280DB0C100E2CB00 /* HikeView.swift */,
				A9997F2428100235005A0ABE /* HikeBadge.swift */,
			);
			path = Hikes;
			sourceTree = "<group>";
		};
		A94813C6280DC84800E2CB00 /* Categories */ = {
			isa = PBXGroup;
			children = (
				A94813C9280E992D00E2CB00 /* CategoryItem.swift */,
				A94813C7280E94A000E2CB00 /* CategoryRow.swift */,
				A94813C4280DC5CC00E2CB00 /* CategoryHome.swift */,
			);
			path = Categories;
			sourceTree = "<group>";
		};
		A984E79D2811B91500FA24C0 /* PageView */ = {
			isa = PBXGroup;
			children = (
				A984E7A02811BD0B00FA24C0 /* FeatureCard.swift */,
				A984E7A22811C1BA00FA24C0 /* PageView.swift */,
				A984E79E2811B93800FA24C0 /* PageViewController.swift */,
			);
			path = PageView;
			sourceTree = "<group>";
		};
		A9997F1F280EBD8A005A0ABE /* Profiles */ = {
			isa = PBXGroup;
			children = (
				A9997F20280EBDA8005A0ABE /* ProfileHost.swift */,
				A984E79B2811AFAE00FA24C0 /* ProfileEditor.swift */,
				A9997F22280EBF5B005A0ABE /* ProfileSummary.swift */,
			);
			path = Profiles;
			sourceTree = "<group>";
		};
/* End PBXGroup section */

/* Begin PBXNativeTarget section */
		A948137E280288FC00E2CB00 /* Landmarks */ = {
			isa = PBXNativeTarget;
			buildConfigurationList = A948138D280288FD00E2CB00 /* Build configuration list for PBXNativeTarget "Landmarks" */;
			buildPhases = (
				A948137B280288FC00E2CB00 /* Sources */,
				A948137C280288FC00E2CB00 /* Frameworks */,
				A948137D280288FC00E2CB00 /* Resources */,
			);
			buildRules = (
			);
			dependencies = (
			);
			name = Landmarks;
			productName = Landmarks;
			productReference = A948137F280288FC00E2CB00 /* Landmarks.app */;
			productType = "com.apple.product-type.application";
		};
/* End PBXNativeTarget section */

/* Begin PBXProject section */
		A9481377280288FC00E2CB00 /* Project object */ = {
			isa = PBXProject;
			attributes = {
				BuildIndependentTargetsInParallel = 1;
				LastSwiftUpdateCheck = 1330;
				LastUpgradeCheck = 1330;
				TargetAttributes = {
					A948137E280288FC00E2CB00 = {
						CreatedOnToolsVersion = 13.3;
					};
				};
			};
			buildConfigurationList = A948137A280288FC00E2CB00 /* Build configuration list for PBXProject "Landmarks" */;
			compatibilityVersion = "Xcode 13.0";
			developmentRegion = en;
			hasScannedForEncodings = 0;
			knownRegions = (
				en,
				Base,
			);
			mainGroup = A9481376280288FC00E2CB00;
			productRefGroup = A9481380280288FC00E2CB00 /* Products */;
			projectDirPath = "";
			projectRoot = "";
			targets = (
				A948137E280288FC00E2CB00 /* Landmarks */,
			);
		};
/* End PBXProject section */

/* Begin PBXResourcesBuildPhase section */
		A948137D280288FC00E2CB00 /* Resources */ = {
			isa = PBXResourcesBuildPhase;
			buildActionMask = 2147483647;
			files = (
				A94813B8280D12E200E2CB00 /* hikeData.json in Resources */,
				A948138A280288FD00E2CB00 /* Preview Assets.xcassets in Resources */,
				A9481387280288FD00E2CB00 /* Assets.xcassets in Resources */,
				A94813952802ECF600E2CB00 /* landmarkData.json in Resources */,
			);
			runOnlyForDeploymentPostprocessing = 0;
		};
/* End PBXResourcesBuildPhase section */

/* Begin PBXSourcesBuildPhase section */
		A948137B280288FC00E2CB00 /* Sources */ = {
			isa = PBXSourcesBuildPhase;
			buildActionMask = 2147483647;
			files = (
				A94813C8280E94A000E2CB00 /* CategoryRow.swift in Sources */,
				A94813CC280EAF8A00E2CB00 /* Profile.swift in Sources */,
				A9481385280288FC00E2CB00 /* ContentView.swift in Sources */,
				A94813C1280DB0C100E2CB00 /* HikeGraph.swift in Sources */,
				A984E7A12811BD0B00FA24C0 /* FeatureCard.swift in Sources */,
				A94813B5280D0F5600E2CB00 /* Badge.swift in Sources */,
				A948139328028E2C00E2CB00 /* MapView.swift in Sources */,
				A94813C0280DB0C100E2CB00 /* GraphCapsule.swift in Sources */,
				A9481383280288FC00E2CB00 /* LandmarksApp.swift in Sources */,
				A94813A7280C6D3B00E2CB00 /* FavoriteButton.swift in Sources */,
				A94813C2280DB0C100E2CB00 /* HikeDetail.swift in Sources */,
				A94813CA280E992D00E2CB00 /* CategoryItem.swift in Sources */,
				A94813C5280DC5CC00E2CB00 /* CategoryHome.swift in Sources */,
				A9997F23280EBF5B005A0ABE /* ProfileSummary.swift in Sources */,
				A94813AB280D019D00E2CB00 /* HexagonParameters.swift in Sources */,
				A9997F21280EBDA8005A0ABE /* ProfileHost.swift in Sources */,
				A94813BA280D147E00E2CB00 /* Hike.swift in Sources */,
				A94813B3280D0E6E00E2CB00 /* RotatedBadgeSymbol.swift in Sources */,
				A984E7A32811C1BA00FA24C0 /* PageView.swift in Sources */,
				A94813B1280D0D0D00E2CB00 /* BadgeSymbol.swift in Sources */,
				A984E79C2811AFAE00FA24C0 /* ProfileEditor.swift in Sources */,
				A94813A328034BA500E2CB00 /* LandmarkList.swift in Sources */,
				A94813C3280DB0C100E2CB00 /* HikeView.swift in Sources */,
				A94813A528034C9900E2CB00 /* LandmarkDetail.swift in Sources */,
				A984E79F2811B93800FA24C0 /* PageViewController.swift in Sources */,
				A94813AF280D040800E2CB00 /* BadgeBackground.swift in Sources */,
				A9997F2528100235005A0ABE /* HikeBadge.swift in Sources */,
				A948139128028CDE00E2CB00 /* CircleImage.swift in Sources */,
				A94813972802ED2200E2CB00 /* Landmark.swift in Sources */,
				A94813A128034A4F00E2CB00 /* LandmarkRow.swift in Sources */,
				A948139C2803474500E2CB00 /* ModelData.swift in Sources */,
			);
			runOnlyForDeploymentPostprocessing = 0;
		};
/* End PBXSourcesBuildPhase section */

/* Begin XCBuildConfiguration section */
		A948138B280288FD00E2CB00 /* Debug */ = {
			isa = XCBuildConfiguration;
			buildSettings = {
				ALWAYS_SEARCH_USER_PATHS = NO;
				CLANG_ANALYZER_NONNULL = YES;
				CLANG_ANALYZER_NUMBER_OBJECT_CONVERSION = YES_AGGRESSIVE;
				CLANG_CXX_LANGUAGE_STANDARD = "gnu++17";
				CLANG_ENABLE_MODULES = YES;
				CLANG_ENABLE_OBJC_ARC = YES;
				CLANG_ENABLE_OBJC_WEAK = YES;
				CLANG_WARN_BLOCK_CAPTURE_AUTORELEASING = YES;
				CLANG_WARN_BOOL_CONVERSION = YES;
				CLANG_WARN_COMMA = YES;
				CLANG_WARN_CONSTANT_CONVERSION = YES;
				CLANG_WARN_DEPRECATED_OBJC_IMPLEMENTATIONS = YES;
				CLANG_WARN_DIRECT_OBJC_ISA_USAGE = YES_ERROR;
				CLANG_WARN_DOCUMENTATION_COMMENTS = YES;
				CLANG_WARN_EMPTY_BODY = YES;
				CLANG_WARN_ENUM_CONVERSION = YES;
				CLANG_WARN_INFINITE_RECURSION = YES;
				CLANG_WARN_INT_CONVERSION = YES;
				CLANG_WARN_NON_LITERAL_NULL_CONVERSION = YES;
				CLANG_WARN_OBJC_IMPLICIT_RETAIN_SELF = YES;
				CLANG_WARN_OBJC_LITERAL_CONVERSION = YES;
				CLANG_WARN_OBJC_ROOT_CLASS = YES_ERROR;
				CLANG_WARN_QUOTED_INCLUDE_IN_FRAMEWORK_HEADER = YES;
				CLANG_WARN_RANGE_LOOP_ANALYSIS = YES;
				CLANG_WARN_STRICT_PROTOTYPES = YES;
				CLANG_WARN_SUSPICIOUS_MOVE = YES;
				CLANG_WARN_UNGUARDED_AVAILABILITY = YES_AGGRESSIVE;
				CLANG_WARN_UNREACHABLE_CODE = YES;
				CLANG_WARN__DUPLICATE_METHOD_MATCH = YES;
				COPY_PHASE_STRIP = NO;
				DEBUG_INFORMATION_FORMAT = dwarf;
				ENABLE_STRICT_OBJC_MSGSEND = YES;
				ENABLE_TESTABILITY = YES;
				GCC_C_LANGUAGE_STANDARD = gnu11;
				GCC_DYNAMIC_NO_PIC = NO;
				GCC_NO_COMMON_BLOCKS = YES;
				GCC_OPTIMIZATION_LEVEL = 0;
				GCC_PREPROCESSOR_DEFINITIONS = (
					"DEBUG=1",
					"$(inherited)",
				);
				GCC_WARN_64_TO_32_BIT_CONVERSION = YES;
				GCC_WARN_ABOUT_RETURN_TYPE = YES_ERROR;
				GCC_WARN_UNDECLARED_SELECTOR = YES;
				GCC_WARN_UNINITIALIZED_AUTOS = YES_AGGRESSIVE;
				GCC_WARN_UNUSED_FUNCTION = YES;
				GCC_WARN_UNUSED_VARIABLE = YES;
				IPHONEOS_DEPLOYMENT_TARGET = 15.4;
				MTL_ENABLE_DEBUG_INFO = INCLUDE_SOURCE;
				MTL_FAST_MATH = YES;
				ONLY_ACTIVE_ARCH = YES;
				SDKROOT = iphoneos;
				SWIFT_ACTIVE_COMPILATION_CONDITIONS = DEBUG;
				SWIFT_OPTIMIZATION_LEVEL = "-Onone";
			};
			name = Debug;
		};
		A948138C280288FD00E2CB00 /* Release */ = {
			isa = XCBuildConfiguration;
			buildSettings = {
				ALWAYS_SEARCH_USER_PATHS = NO;
				CLANG_ANALYZER_NONNULL = YES;
				CLANG_ANALYZER_NUMBER_OBJECT_CONVERSION = YES_AGGRESSIVE;
				CLANG_CXX_LANGUAGE_STANDARD = "gnu++17";
				CLANG_ENABLE_MODULES = YES;
				CLANG_ENABLE_OBJC_ARC = YES;
				CLANG_ENABLE_OBJC_WEAK = YES;
				CLANG_WARN_BLOCK_CAPTURE_AUTORELEASING = YES;
				CLANG_WARN_BOOL_CONVERSION = YES;
				CLANG_WARN_COMMA = YES;
				CLANG_WARN_CONSTANT_CONVERSION = YES;
				CLANG_WARN_DEPRECATED_OBJC_IMPLEMENTATIONS = YES;
				CLANG_WARN_DIRECT_OBJC_ISA_USAGE = YES_ERROR;
				CLANG_WARN_DOCUMENTATION_COMMENTS = YES;
				CLANG_WARN_EMPTY_BODY = YES;
				CLANG_WARN_ENUM_CONVERSION = YES;
				CLANG_WARN_INFINITE_RECURSION = YES;
				CLANG_WARN_INT_CONVERSION = YES;
				CLANG_WARN_NON_LITERAL_NULL_CONVERSION = YES;
				CLANG_WARN_OBJC_IMPLICIT_RETAIN_SELF = YES;
				CLANG_WARN_OBJC_LITERAL_CONVERSION = YES;
				CLANG_WARN_OBJC_ROOT_CLASS = YES_ERROR;
				CLANG_WARN_QUOTED_INCLUDE_IN_FRAMEWORK_HEADER = YES;
				CLANG_WARN_RANGE_LOOP_ANALYSIS = YES;
				CLANG_WARN_STRICT_PROTOTYPES = YES;
				CLANG_WARN_SUSPICIOUS_MOVE = YES;
				CLANG_WARN_UNGUARDED_AVAILABILITY = YES_AGGRESSIVE;
				CLANG_WARN_UNREACHABLE_CODE = YES;
				CLANG_WARN__DUPLICATE_METHOD_MATCH = YES;
				COPY_PHASE_STRIP = NO;
				DEBUG_INFORMATION_FORMAT = "dwarf-with-dsym";
				ENABLE_NS_ASSERTIONS = NO;
				ENABLE_STRICT_OBJC_MSGSEND = YES;
				GCC_C_LANGUAGE_STANDARD = gnu11;
				GCC_NO_COMMON_BLOCKS = YES;
				GCC_WARN_64_TO_32_BIT_CONVERSION = YES;
				GCC_WARN_ABOUT_RETURN_TYPE = YES_ERROR;
				GCC_WARN_UNDECLARED_SELECTOR = YES;
				GCC_WARN_UNINITIALIZED_AUTOS = YES_AGGRESSIVE;
				GCC_WARN_UNUSED_FUNCTION = YES;
				GCC_WARN_UNUSED_VARIABLE = YES;
				IPHONEOS_DEPLOYMENT_TARGET = 15.4;
				MTL_ENABLE_DEBUG_INFO = NO;
				MTL_FAST_MATH = YES;
				SDKROOT = iphoneos;
				SWIFT_COMPILATION_MODE = wholemodule;
				SWIFT_OPTIMIZATION_LEVEL = "-O";
				VALIDATE_PRODUCT = YES;
			};
			name = Release;
		};
		A948138E280288FD00E2CB00 /* Debug */ = {
			isa = XCBuildConfiguration;
			buildSettings = {
				ASSETCATALOG_COMPILER_APPICON_NAME = AppIcon;
				ASSETCATALOG_COMPILER_GLOBAL_ACCENT_COLOR_NAME = AccentColor;
				CODE_SIGN_STYLE = Automatic;
				CURRENT_PROJECT_VERSION = 1;
				DEVELOPMENT_ASSET_PATHS = "\"Landmarks/Preview Content\"";
				DEVELOPMENT_TEAM = MZ8ZBRWR4D;
				ENABLE_PREVIEWS = YES;
				GENERATE_INFOPLIST_FILE = YES;
				INFOPLIST_KEY_UIApplicationSceneManifest_Generation = YES;
				INFOPLIST_KEY_UIApplicationSupportsIndirectInputEvents = YES;
				INFOPLIST_KEY_UILaunchScreen_Generation = YES;
				INFOPLIST_KEY_UISupportedInterfaceOrientations_iPad = "UIInterfaceOrientationPortrait UIInterfaceOrientationPortraitUpsideDown UIInterfaceOrientationLandscapeLeft UIInterfaceOrientationLandscapeRight";
				INFOPLIST_KEY_UISupportedInterfaceOrientations_iPhone = "UIInterfaceOrientationPortrait UIInterfaceOrientationLandscapeLeft UIInterfaceOrientationLandscapeRight";
				LD_RUNPATH_SEARCH_PATHS = (
					"$(inherited)",
					"@executable_path/Frameworks",
				);
				MARKETING_VERSION = 1.0;
				PRODUCT_BUNDLE_IDENTIFIER = me.thientoan.nguyentran.Landmarks;
				PRODUCT_NAME = "$(TARGET_NAME)";
				SWIFT_EMIT_LOC_STRINGS = YES;
				SWIFT_VERSION = 5.0;
				TARGETED_DEVICE_FAMILY = "1,2";
			};
			name = Debug;
		};
		A948138F280288FD00E2CB00 /* Release */ = {
			isa = XCBuildConfiguration;
			buildSettings = {
				ASSETCATALOG_COMPILER_APPICON_NAME = AppIcon;
				ASSETCATALOG_COMPILER_GLOBAL_ACCENT_COLOR_NAME = AccentColor;
				CODE_SIGN_STYLE = Automatic;
				CURRENT_PROJECT_VERSION = 1;
				DEVELOPMENT_ASSET_PATHS = "\"Landmarks/Preview Content\"";
				DEVELOPMENT_TEAM = MZ8ZBRWR4D;
				ENABLE_PREVIEWS = YES;
				GENERATE_INFOPLIST_FILE = YES;
				INFOPLIST_KEY_UIApplicationSceneManifest_Generation = YES;
				INFOPLIST_KEY_UIApplicationSupportsIndirectInputEvents = YES;
				INFOPLIST_KEY_UILaunchScreen_Generation = YES;
				INFOPLIST_KEY_UISupportedInterfaceOrientations_iPad = "UIInterfaceOrientationPortrait UIInterfaceOrientationPortraitUpsideDown UIInterfaceOrientationLandscapeLeft UIInterfaceOrientationLandscapeRight";
				INFOPLIST_KEY_UISupportedInterfaceOrientations_iPhone = "UIInterfaceOrientationPortrait UIInterfaceOrientationLandscapeLeft UIInterfaceOrientationLandscapeRight";
				LD_RUNPATH_SEARCH_PATHS = (
					"$(inherited)",
					"@executable_path/Frameworks",
				);
				MARKETING_VERSION = 1.0;
				PRODUCT_BUNDLE_IDENTIFIER = me.thientoan.nguyentran.Landmarks;
				PRODUCT_NAME = "$(TARGET_NAME)";
				SWIFT_EMIT_LOC_STRINGS = YES;
				SWIFT_VERSION = 5.0;
				TARGETED_DEVICE_FAMILY = "1,2";
			};
			name = Release;
		};
/* End XCBuildConfiguration section */

/* Begin XCConfigurationList section */
		A948137A280288FC00E2CB00 /* Build configuration list for PBXProject "Landmarks" */ = {
			isa = XCConfigurationList;
			buildConfigurations = (
				A948138B280288FD00E2CB00 /* Debug */,
				A948138C280288FD00E2CB00 /* Release */,
			);
			defaultConfigurationIsVisible = 0;
			defaultConfigurationName = Release;
		};
		A948138D280288FD00E2CB00 /* Build configuration list for PBXNativeTarget "Landmarks" */ = {
			isa = XCConfigurationList;
			buildConfigurations = (
				A948138E280288FD00E2CB00 /* Debug */,
				A948138F280288FD00E2CB00 /* Release */,
			);
			defaultConfigurationIsVisible = 0;
			defaultConfigurationName = Release;
		};
/* End XCConfigurationList section */
	};
	rootObject = A9481377280288FC00E2CB00 /* Project object */;
}
